
Microsoft Visual Studio Solution File, Format Version 12.00
# Visual Studio Version 16
VisualStudioVersion = 16.0.31911.196
MinimumVisualStudioVersion = 10.0.40219.1
Project("{FAE04EC0-301F-11D3-BF4B-00C04F79EFBC}") = "AquiCovidAPI", "AquiCovidAPI.csproj", "{884DE1F6-A3FE-46A1-B09D-692952B4FF8C}"
EndProject
Global
	GlobalSection(SolutionConfigurationPlatforms) = preSolution
		Debug|Any CPU = Debug|Any CPU
		Release|Any CPU = Release|Any CPU
	EndGlobalSection
	GlobalSection(ProjectConfigurationPlatforms) = postSolution
		{884DE1F6-A3FE-46A1-B09D-692952B4FF8C}.Debug|Any CPU.ActiveCfg = Debug|Any CPU
		{884DE1F6-A3FE-46A1-B09D-692952B4FF8C}.Debug|Any CPU.Build.0 = Debug|Any CPU
		{884DE1F6-A3FE-46A1-B09D-692952B4FF8C}.Release|Any CPU.ActiveCfg = Release|Any CPU
		{884DE1F6-A3FE-46A1-B09D-692952B4FF8C}.Release|Any CPU.Build.0 = Release|Any CPU
	EndGlobalSection
	GlobalSection(SolutionProperties) = preSolution
		HideSolutionNode = FALSE
	EndGlobalSection
	GlobalSection(ExtensibilityGlobals) = postSolution
		SolutionGuid = {DC6FCB11-9286-4DDA-9E9E-4B85992BE168}
	EndGlobalSection
EndGlobal
